
Microsoft Visual Studio Solution File, Format Version 12.00
# Visual Studio 15
VisualStudioVersion = 15.0.27004.2002
MinimumVisualStudioVersion = 10.0.40219.1
Project("{FAE04EC0-301F-11D3-BF4B-00C04F79EFBC}") = "OnException", "OnException\OnException.csproj", "{BEE68AA4-C1A1-4640-A3B1-7FFCE3C4BCE7}"
EndProject
Global
	GlobalSection(SolutionConfigurationPlatforms) = preSolution
		Debug|Any CPU = Debug|Any CPU
		Release|Any CPU = Release|Any CPU
	EndGlobalSection
	GlobalSection(ProjectConfigurationPlatforms) = postSolution
		{BEE68AA4-C1A1-4640-A3B1-7FFCE3C4BCE7}.Debug|Any CPU.ActiveCfg = Debug|Any CPU
		{BEE68AA4-C1A1-4640-A3B1-7FFCE3C4BCE7}.Debug|Any CPU.Build.0 = Debug|Any CPU
		{BEE68AA4-C1A1-4640-A3B1-7FFCE3C4BCE7}.Release|Any CPU.ActiveCfg = Release|Any CPU
		{BEE68AA4-C1A1-4640-A3B1-7FFCE3C4BCE7}.Release|Any CPU.Build.0 = Release|Any CPU
	EndGlobalSection
	GlobalSection(SolutionProperties) = preSolution
		HideSolutionNode = FALSE
	EndGlobalSection
	GlobalSection(ExtensibilityGlobals) = postSolution
		SolutionGuid = {025E2943-E4BB-417C-B6E8-84F0D584DDFF}
	EndGlobalSection
EndGlobal
